
Microsoft Visual Studio Solution File, Format Version 12.00
# Visual Studio Version 17
VisualStudioVersion = 17.14.36221.1
MinimumVisualStudioVersion = 10.0.40219.1
Project("{FAE04EC0-301F-11D3-BF4B-00C04F79EFBC}") = "Souchy.Net", "Souchy.Net\Souchy.Net.csproj", "{AE6CC1D2-E07F-4DF0-A0B3-0FC19ACECDDB}"
EndProject
Project("{FAE04EC0-301F-11D3-BF4B-00C04F79EFBC}") = "Souchy.Arch", "Souchy.Arch\Souchy.Arch.csproj", "{8D7DBCFF-2BFA-455F-82E5-290459E1A2E8}"
EndProject
Project("{FAE04EC0-301F-11D3-BF4B-00C04F79EFBC}") = "Souchy.Godot", "Souchy.Godot\Souchy.Godot.csproj", "{04BDC59B-9544-4128-AD42-64899BBD7FE7}"
EndProject
Project("{2150E333-8FDC-42A3-9474-1A3956D46DE8}") = ".NET", ".NET", "{02EA681E-C7D8-13C7-8484-4AC65E1B71E8}"
EndProject
Project("{2150E333-8FDC-42A3-9474-1A3956D46DE8}") = "Godot", "Godot", "{625D7887-042E-4005-814D-A5CE9827BE5E}"
EndProject
Project("{2150E333-8FDC-42A3-9474-1A3956D46DE8}") = "Arch", "Arch", "{0BABD2EF-54C8-4B36-8096-0EDE329461A5}"
EndProject
Project("{FAE04EC0-301F-11D3-BF4B-00C04F79EFBC}") = "Souchy.Arch.Test", "Souchy.Arch.Test\Souchy.Arch.Test.csproj", "{03B2DA75-F486-43B6-8296-F68C1238F99C}"
EndProject
Project("{FAE04EC0-301F-11D3-BF4B-00C04F79EFBC}") = "Souchy.Net.Test", "Souchy.Net.Test\Souchy.Net.Test.csproj", "{F05961B0-B515-4AAB-AE97-D9A72EA717CB}"
EndProject
Project("{FAE04EC0-301F-11D3-BF4B-00C04F79EFBC}") = "Souchy.Godot.Test", "Souchy.Godot.Test\Souchy.Godot.Test.csproj", "{C8B21727-CAD1-4EC4-AB97-4767E06C1B95}"
EndProject
Project("{2150E333-8FDC-42A3-9474-1A3956D46DE8}") = "Solution Items", "Solution Items", "{45E097C8-757C-4134-B893-3C50CDE9FEF5}"
	ProjectSection(SolutionItems) = preProject
		.editorconfig = .editorconfig
	EndProjectSection
EndProject
Global
	GlobalSection(SolutionConfigurationPlatforms) = preSolution
		Debug|Any CPU = Debug|Any CPU
		Release|Any CPU = Release|Any CPU
	EndGlobalSection
	GlobalSection(ProjectConfigurationPlatforms) = postSolution
		{AE6CC1D2-E07F-4DF0-A0B3-0FC19ACECDDB}.Debug|Any CPU.ActiveCfg = Debug|Any CPU
		{AE6CC1D2-E07F-4DF0-A0B3-0FC19ACECDDB}.Debug|Any CPU.Build.0 = Debug|Any CPU
		{AE6CC1D2-E07F-4DF0-A0B3-0FC19ACECDDB}.Release|Any CPU.ActiveCfg = Release|Any CPU
		{AE6CC1D2-E07F-4DF0-A0B3-0FC19ACECDDB}.Release|Any CPU.Build.0 = Release|Any CPU
		{8D7DBCFF-2BFA-455F-82E5-290459E1A2E8}.Debug|Any CPU.ActiveCfg = Debug|Any CPU
		{8D7DBCFF-2BFA-455F-82E5-290459E1A2E8}.Debug|Any CPU.Build.0 = Debug|Any CPU
		{8D7DBCFF-2BFA-455F-82E5-290459E1A2E8}.Release|Any CPU.ActiveCfg = Release|Any CPU
		{8D7DBCFF-2BFA-455F-82E5-290459E1A2E8}.Release|Any CPU.Build.0 = Release|Any CPU
		{04BDC59B-9544-4128-AD42-64899BBD7FE7}.Debug|Any CPU.ActiveCfg = Debug|Any CPU
		{04BDC59B-9544-4128-AD42-64899BBD7FE7}.Debug|Any CPU.Build.0 = Debug|Any CPU
		{04BDC59B-9544-4128-AD42-64899BBD7FE7}.Release|Any CPU.ActiveCfg = Release|Any CPU
		{04BDC59B-9544-4128-AD42-64899BBD7FE7}.Release|Any CPU.Build.0 = Release|Any CPU
		{03B2DA75-F486-43B6-8296-F68C1238F99C}.Debug|Any CPU.ActiveCfg = Debug|Any CPU
		{03B2DA75-F486-43B6-8296-F68C1238F99C}.Debug|Any CPU.Build.0 = Debug|Any CPU
		{03B2DA75-F486-43B6-8296-F68C1238F99C}.Release|Any CPU.ActiveCfg = Release|Any CPU
		{03B2DA75-F486-43B6-8296-F68C1238F99C}.Release|Any CPU.Build.0 = Release|Any CPU
		{F05961B0-B515-4AAB-AE97-D9A72EA717CB}.Debug|Any CPU.ActiveCfg = Debug|Any CPU
		{F05961B0-B515-4AAB-AE97-D9A72EA717CB}.Debug|Any CPU.Build.0 = Debug|Any CPU
		{F05961B0-B515-4AAB-AE97-D9A72EA717CB}.Release|Any CPU.ActiveCfg = Release|Any CPU
		{F05961B0-B515-4AAB-AE97-D9A72EA717CB}.Release|Any CPU.Build.0 = Release|Any CPU
		{C8B21727-CAD1-4EC4-AB97-4767E06C1B95}.Debug|Any CPU.ActiveCfg = Debug|Any CPU
		{C8B21727-CAD1-4EC4-AB97-4767E06C1B95}.Debug|Any CPU.Build.0 = Debug|Any CPU
		{C8B21727-CAD1-4EC4-AB97-4767E06C1B95}.Release|Any CPU.ActiveCfg = Release|Any CPU
		{C8B21727-CAD1-4EC4-AB97-4767E06C1B95}.Release|Any CPU.Build.0 = Release|Any CPU
	EndGlobalSection
	GlobalSection(SolutionProperties) = preSolution
		HideSolutionNode = FALSE
	EndGlobalSection
	GlobalSection(NestedProjects) = preSolution
		{AE6CC1D2-E07F-4DF0-A0B3-0FC19ACECDDB} = {02EA681E-C7D8-13C7-8484-4AC65E1B71E8}
		{8D7DBCFF-2BFA-455F-82E5-290459E1A2E8} = {0BABD2EF-54C8-4B36-8096-0EDE329461A5}
		{04BDC59B-9544-4128-AD42-64899BBD7FE7} = {625D7887-042E-4005-814D-A5CE9827BE5E}
		{03B2DA75-F486-43B6-8296-F68C1238F99C} = {0BABD2EF-54C8-4B36-8096-0EDE329461A5}
		{F05961B0-B515-4AAB-AE97-D9A72EA717CB} = {02EA681E-C7D8-13C7-8484-4AC65E1B71E8}
		{C8B21727-CAD1-4EC4-AB97-4767E06C1B95} = {625D7887-042E-4005-814D-A5CE9827BE5E}
	EndGlobalSection
	GlobalSection(ExtensibilityGlobals) = postSolution
		SolutionGuid = {9FCEF323-E4CA-4619-AACC-554C817F2686}
	EndGlobalSection
EndGlobal
